
Microsoft Visual Studio Solution File, Format Version 12.00
# Visual Studio 15
VisualStudioVersion = 15.0.28307.271
MinimumVisualStudioVersion = 10.0.40219.1
Project("{FAE04EC0-301F-11D3-BF4B-00C04F79EFBC}") = "GP_EMR_Project", "GP_EMR_Project\GP_EMR_Project.csproj", "{5C4D84B7-F617-4122-9AC6-E15697D39B2E}"
EndProject
Global
	GlobalSection(SolutionConfigurationPlatforms) = preSolution
		Debug|Any CPU = Debug|Any CPU
		Release|Any CPU = Release|Any CPU
	EndGlobalSection
	GlobalSection(ProjectConfigurationPlatforms) = postSolution
		{5C4D84B7-F617-4122-9AC6-E15697D39B2E}.Debug|Any CPU.ActiveCfg = Debug|Any CPU
		{5C4D84B7-F617-4122-9AC6-E15697D39B2E}.Debug|Any CPU.Build.0 = Debug|Any CPU
		{5C4D84B7-F617-4122-9AC6-E15697D39B2E}.Release|Any CPU.ActiveCfg = Release|Any CPU
		{5C4D84B7-F617-4122-9AC6-E15697D39B2E}.Release|Any CPU.Build.0 = Release|Any CPU
	EndGlobalSection
	GlobalSection(SolutionProperties) = preSolution
		HideSolutionNode = FALSE
	EndGlobalSection
	GlobalSection(ExtensibilityGlobals) = postSolution
		SolutionGuid = {978FFBC9-F516-4E71-ADAD-688C2138A5A3}
	EndGlobalSection
EndGlobal
